// !$*UTF8*$!
{
	archiveVersion = 1;
	classes = {
	};
	objectVersion = 46;
	objects = {

/* Begin PBXBuildFile section */
		B5AFE4411C03F7A00026AE09 /* main.m in Sources */ = {isa = PBXBuildFile; fileRef = B5AFE4401C03F7A00026AE09 /* main.m */; };
		B5AFE4441C03F7A00026AE09 /* AppDelegate.m in Sources */ = {isa = PBXBuildFile; fileRef = B5AFE4431C03F7A00026AE09 /* AppDelegate.m */; };
		B5AFE4471C03F7A00026AE09 /* PlaylistMasterViewController.m in Sources */ = {isa = PBXBuildFile; fileRef = B5AFE4461C03F7A00026AE09 /* PlaylistMasterViewController.m */; };
		B5AFE44A1C03F7A00026AE09 /* Main.storyboard in Resources */ = {isa = PBXBuildFile; fileRef = B5AFE4481C03F7A00026AE09 /* Main.storyboard */; };
		B5AFE44C1C03F7A00026AE09 /* Images.xcassets in Resources */ = {isa = PBXBuildFile; fileRef = B5AFE44B1C03F7A00026AE09 /* Images.xcassets */; };
		B5AFE44F1C03F7A00026AE09 /* LaunchScreen.xib in Resources */ = {isa = PBXBuildFile; fileRef = B5AFE44D1C03F7A00026AE09 /* LaunchScreen.xib */; };
		B5AFE45B1C03F7A00026AE09 /* playlistBrowserTests.m in Sources */ = {isa = PBXBuildFile; fileRef = B5AFE45A1C03F7A00026AE09 /* playlistBrowserTests.m */; };
		B5AFE4661C03F9750026AE09 /* PlaylistDetailViewController.m in Sources */ = {isa = PBXBuildFile; fileRef = B5AFE4651C03F9750026AE09 /* PlaylistDetailViewController.m */; };
/* End PBXBuildFile section */

/* Begin PBXContainerItemProxy section */
		B5AFE4551C03F7A00026AE09 /* PBXContainerItemProxy */ = {
			isa = PBXContainerItemProxy;
			containerPortal = B5AFE4331C03F79E0026AE09 /* Project object */;
			proxyType = 1;
			remoteGlobalIDString = B5AFE43A1C03F79F0026AE09;
			remoteInfo = playlistBrowser;
		};
/* End PBXContainerItemProxy section */

/* Begin PBXFileReference section */
		B5AFE43B1C03F79F0026AE09 /* playlistBrowser.app */ = {isa = PBXFileReference; explicitFileType = wrapper.application; includeInIndex = 0; path = playlistBrowser.app; sourceTree = BUILT_PRODUCTS_DIR; };
		B5AFE43F1C03F7A00026AE09 /* Info.plist */ = {isa = PBXFileReference; lastKnownFileType = text.plist.xml; path = Info.plist; sourceTree = "<group>"; };
		B5AFE4401C03F7A00026AE09 /* main.m */ = {isa = PBXFileReference; lastKnownFileType = sourcecode.c.objc; path = main.m; sourceTree = "<group>"; };
		B5AFE4421C03F7A00026AE09 /* AppDelegate.h */ = {isa = PBXFileReference; lastKnownFileType = sourcecode.c.h; path = AppDelegate.h; sourceTree = "<group>"; };
		B5AFE4431C03F7A00026AE09 /* AppDelegate.m */ = {isa = PBXFileReference; lastKnownFileType = sourcecode.c.objc; path = AppDelegate.m; sourceTree = "<group>"; };
		B5AFE4451C03F7A00026AE09 /* PlaylistMasterViewController.h */ = {isa = PBXFileReference; lastKnownFileType = sourcecode.c.h; path = PlaylistMasterViewController.h; sourceTree = "<group>"; };
		B5AFE4461C03F7A00026AE09 /* PlaylistMasterViewController.m */ = {isa = PBXFileReference; lastKnownFileType = sourcecode.c.objc; path = PlaylistMasterViewController.m; sourceTree = "<group>"; };
		B5AFE4491C03F7A00026AE09 /* Base */ = {isa = PBXFileReference; lastKnownFileType = file.storyboard; name = Base; path = Base.lproj/Main.storyboard; sourceTree = "<group>"; };
		B5AFE44B1C03F7A00026AE09 /* Images.xcassets */ = {isa = PBXFileReference; lastKnownFileType = folder.assetcatalog; path = Images.xcassets; sourceTree = "<group>"; };
		B5AFE44E1C03F7A00026AE09 /* Base */ = {isa = PBXFileReference; lastKnownFileType = file.xib; name = Base; path = Base.lproj/LaunchScreen.xib; sourceTree = "<group>"; };
		B5AFE4541C03F7A00026AE09 /* playlistBrowserTests.xctest */ = {isa = PBXFileReference; explicitFileType = wrapper.cfbundle; includeInIndex = 0; path = playlistBrowserTests.xctest; sourceTree = BUILT_PRODUCTS_DIR; };
		B5AFE4591C03F7A00026AE09 /* Info.plist */ = {isa = PBXFileReference; lastKnownFileType = text.plist.xml; path = Info.plist; sourceTree = "<group>"; };
		B5AFE45A1C03F7A00026AE09 /* playlistBrowserTests.m */ = {isa = PBXFileReference; lastKnownFileType = sourcecode.c.objc; path = playlistBrowserTests.m; sourceTree = "<group>"; };
		B5AFE4641C03F9750026AE09 /* PlaylistDetailViewController.h */ = {isa = PBXFileReference; fileEncoding = 4; lastKnownFileType = sourcecode.c.h; path = PlaylistDetailViewController.h; sourceTree = "<group>"; };
		B5AFE4651C03F9750026AE09 /* PlaylistDetailViewController.m */ = {isa = PBXFileReference; fileEncoding = 4; lastKnownFileType = sourcecode.c.objc; path = PlaylistDetailViewController.m; sourceTree = "<group>"; };
/* End PBXFileReference section */

/* Begin PBXFrameworksBuildPhase section */
		B5AFE4381C03F79F0026AE09 /* Frameworks */ = {
			isa = PBXFrameworksBuildPhase;
			buildActionMask = 2147483647;
			files = (
			);
			runOnlyForDeploymentPostprocessing = 0;
		};
		B5AFE4511C03F7A00026AE09 /* Frameworks */ = {
			isa = PBXFrameworksBuildPhase;
			buildActionMask = 2147483647;
			files = (
			);
			runOnlyForDeploymentPostprocessing = 0;
		};
/* End PBXFrameworksBuildPhase section */

/* Begin PBXGroup section */
		B5AFE4321C03F79E0026AE09 = {
			isa = PBXGroup;
			children = (
				B5AFE43D1C03F79F0026AE09 /* playlistBrowser */,
				B5AFE4571C03F7A00026AE09 /* playlistBrowserTests */,
				B5AFE43C1C03F79F0026AE09 /* Products */,
			);
			sourceTree = "<group>";
		};
		B5AFE43C1C03F79F0026AE09 /* Products */ = {
			isa = PBXGroup;
			children = (
				B5AFE43B1C03F79F0026AE09 /* playlistBrowser.app */,
				B5AFE4541C03F7A00026AE09 /* playlistBrowserTests.xctest */,
			);
			name = Products;
			sourceTree = "<group>";
		};
		B5AFE43D1C03F79F0026AE09 /* playlistBrowser */ = {
			isa = PBXGroup;
			children = (
				B5AFE4421C03F7A00026AE09 /* AppDelegate.h */,
				B5AFE4431C03F7A00026AE09 /* AppDelegate.m */,
				B5AFE4451C03F7A00026AE09 /* PlaylistMasterViewController.h */,
				B5AFE4461C03F7A00026AE09 /* PlaylistMasterViewController.m */,
				B5AFE4641C03F9750026AE09 /* PlaylistDetailViewController.h */,
				B5AFE4651C03F9750026AE09 /* PlaylistDetailViewController.m */,
				B5AFE4481C03F7A00026AE09 /* Main.storyboard */,
				B5AFE44B1C03F7A00026AE09 /* Images.xcassets */,
				B5AFE44D1C03F7A00026AE09 /* LaunchScreen.xib */,
				B5AFE43E1C03F7A00026AE09 /* Supporting Files */,
			);
			path = playlistBrowser;
			sourceTree = "<group>";
		};
		B5AFE43E1C03F7A00026AE09 /* Supporting Files */ = {
			isa = PBXGroup;
			children = (
				B5AFE43F1C03F7A00026AE09 /* Info.plist */,
				B5AFE4401C03F7A00026AE09 /* main.m */,
			);
			name = "Supporting Files";
			sourceTree = "<group>";
		};
		B5AFE4571C03F7A00026AE09 /* playlistBrowserTests */ = {
			isa = PBXGroup;
			children = (
				B5AFE45A1C03F7A00026AE09 /* playlistBrowserTests.m */,
				B5AFE4581C03F7A00026AE09 /* Supporting Files */,
			);
			path = playlistBrowserTests;
			sourceTree = "<group>";
		};
		B5AFE4581C03F7A00026AE09 /* Supporting Files */ = {
			isa = PBXGroup;
			children = (
				B5AFE4591C03F7A00026AE09 /* Info.plist */,
			);
			name = "Supporting Files";
			sourceTree = "<group>";
		};
/* End PBXGroup section */

/* Begin PBXNativeTarget section */
		B5AFE43A1C03F79F0026AE09 /* playlistBrowser */ = {
			isa = PBXNativeTarget;
			buildConfigurationList = B5AFE45E1C03F7A00026AE09 /* Build configuration list for PBXNativeTarget "playlistBrowser" */;
			buildPhases = (
				B5AFE4371C03F79F0026AE09 /* Sources */,
				B5AFE4381C03F79F0026AE09 /* Frameworks */,
				B5AFE4391C03F79F0026AE09 /* Resources */,
			);
			buildRules = (
			);
			dependencies = (
			);
			name = playlistBrowser;
			productName = playlistBrowser;
			productReference = B5AFE43B1C03F79F0026AE09 /* playlistBrowser.app */;
			productType = "com.apple.product-type.application";
		};
		B5AFE4531C03F7A00026AE09 /* playlistBrowserTests */ = {
			isa = PBXNativeTarget;
			buildConfigurationList = B5AFE4611C03F7A00026AE09 /* Build configuration list for PBXNativeTarget "playlistBrowserTests" */;
			buildPhases = (
				B5AFE4501C03F7A00026AE09 /* Sources */,
				B5AFE4511C03F7A00026AE09 /* Frameworks */,
				B5AFE4521C03F7A00026AE09 /* Resources */,
			);
			buildRules = (
			);
			dependencies = (
				B5AFE4561C03F7A00026AE09 /* PBXTargetDependency */,
			);
			name = playlistBrowserTests;
			productName = playlistBrowserTests;
			productReference = B5AFE4541C03F7A00026AE09 /* playlistBrowserTests.xctest */;
			productType = "com.apple.product-type.bundle.unit-test";
		};
/* End PBXNativeTarget section */

/* Begin PBXProject section */
		B5AFE4331C03F79E0026AE09 /* Project object */ = {
			isa = PBXProject;
			attributes = {
				LastUpgradeCheck = 0640;
				ORGANIZATIONNAME = "Randall Kanna";
				TargetAttributes = {
					B5AFE43A1C03F79F0026AE09 = {
						CreatedOnToolsVersion = 6.4;
					};
					B5AFE4531C03F7A00026AE09 = {
						CreatedOnToolsVersion = 6.4;
						TestTargetID = B5AFE43A1C03F79F0026AE09;
					};
				};
			};
			buildConfigurationList = B5AFE4361C03F79E0026AE09 /* Build configuration list for PBXProject "playlistBrowser" */;
			compatibilityVersion = "Xcode 3.2";
			developmentRegion = English;
			hasScannedForEncodings = 0;
			knownRegions = (
				en,
				Base,
			);
			mainGroup = B5AFE4321C03F79E0026AE09;
			productRefGroup = B5AFE43C1C03F79F0026AE09 /* Products */;
			projectDirPath = "";
			projectRoot = "";
			targets = (
				B5AFE43A1C03F79F0026AE09 /* playlistBrowser */,
				B5AFE4531C03F7A00026AE09 /* playlistBrowserTests */,
			);
		};
/* End PBXProject section */

/* Begin PBXResourcesBuildPhase section */
		B5AFE4391C03F79F0026AE09 /* Resources */ = {
			isa = PBXResourcesBuildPhase;
			buildActionMask = 2147483647;
			files = (
				B5AFE44A1C03F7A00026AE09 /* Main.storyboard in Resources */,
				B5AFE44F1C03F7A00026AE09 /* LaunchScreen.xib in Resources */,
				B5AFE44C1C03F7A00026AE09 /* Images.xcassets in Resources */,
			);
			runOnlyForDeploymentPostprocessing = 0;
		};
		B5AFE4521C03F7A00026AE09 /* Resources */ = {
			isa = PBXResourcesBuildPhase;
			buildActionMask = 2147483647;
			files = (
			);
			runOnlyForDeploymentPostprocessing = 0;
		};
/* End PBXResourcesBuildPhase section */

/* Begin PBXSourcesBuildPhase section */
		B5AFE4371C03F79F0026AE09 /* Sources */ = {
			isa = PBXSourcesBuildPhase;
			buildActionMask = 2147483647;
			files = (
				B5AFE4471C03F7A00026AE09 /* PlaylistMasterViewController.m in Sources */,
				B5AFE4661C03F9750026AE09 /* PlaylistDetailViewController.m in Sources */,
				B5AFE4441C03F7A00026AE09 /* AppDelegate.m in Sources */,
				B5AFE4411C03F7A00026AE09 /* main.m in Sources */,
			);
			runOnlyForDeploymentPostprocessing = 0;
		};
		B5AFE4501C03F7A00026AE09 /* Sources */ = {
			isa = PBXSourcesBuildPhase;
			buildActionMask = 2147483647;
			files = (
				B5AFE45B1C03F7A00026AE09 /* playlistBrowserTests.m in Sources */,
			);
			runOnlyForDeploymentPostprocessing = 0;
		};
/* End PBXSourcesBuildPhase section */

/* Begin PBXTargetDependency section */
		B5AFE4561C03F7A00026AE09 /* PBXTargetDependency */ = {
			isa = PBXTargetDependency;
			target = B5AFE43A1C03F79F0026AE09 /* playlistBrowser */;
			targetProxy = B5AFE4551C03F7A00026AE09 /* PBXContainerItemProxy */;
		};
/* End PBXTargetDependency section */

/* Begin PBXVariantGroup section */
		B5AFE4481C03F7A00026AE09 /* Main.storyboard */ = {
			isa = PBXVariantGroup;
			children = (
				B5AFE4491C03F7A00026AE09 /* Base */,
			);
			name = Main.storyboard;
			sourceTree = "<group>";
		};
		B5AFE44D1C03F7A00026AE09 /* LaunchScreen.xib */ = {
			isa = PBXVariantGroup;
			children = (
				B5AFE44E1C03F7A00026AE09 /* Base */,
			);
			name = LaunchScreen.xib;
			sourceTree = "<group>";
		};
/* End PBXVariantGroup section */

/* Begin XCBuildConfiguration section */
		B5AFE45C1C03F7A00026AE09 /* Debug */ = {
			isa = XCBuildConfiguration;
			buildSettings = {
				ALWAYS_SEARCH_USER_PATHS = NO;
				CLANG_CXX_LANGUAGE_STANDARD = "gnu++0x";
				CLANG_CXX_LIBRARY = "libc++";
				CLANG_ENABLE_MODULES = YES;
				CLANG_ENABLE_OBJC_ARC = YES;
				CLANG_WARN_BOOL_CONVERSION = YES;
				CLANG_WARN_CONSTANT_CONVERSION = YES;
				CLANG_WARN_DIRECT_OBJC_ISA_USAGE = YES_ERROR;
				CLANG_WARN_EMPTY_BODY = YES;
				CLANG_WARN_ENUM_CONVERSION = YES;
				CLANG_WARN_INT_CONVERSION = YES;
				CLANG_WARN_OBJC_ROOT_CLASS = YES_ERROR;
				CLANG_WARN_UNREACHABLE_CODE = YES;
				CLANG_WARN__DUPLICATE_METHOD_MATCH = YES;
				"CODE_SIGN_IDENTITY[sdk=iphoneos*]" = "iPhone Developer";
				COPY_PHASE_STRIP = NO;
				DEBUG_INFORMATION_FORMAT = "dwarf-with-dsym";
				ENABLE_STRICT_OBJC_MSGSEND = YES;
				GCC_C_LANGUAGE_STANDARD = gnu99;
				GCC_DYNAMIC_NO_PIC = NO;
				GCC_NO_COMMON_BLOCKS = YES;
				GCC_OPTIMIZATION_LEVEL = 0;
				GCC_PREPROCESSOR_DEFINITIONS = (
					"DEBUG=1",
					"$(inherited)",
				);
				GCC_SYMBOLS_PRIVATE_EXTERN = NO;
				GCC_WARN_64_TO_32_BIT_CONVERSION = YES;
				GCC_WARN_ABOUT_RETURN_TYPE = YES_ERROR;
				GCC_WARN_UNDECLARED_SELECTOR = YES;
				GCC_WARN_UNINITIALIZED_AUTOS = YES_AGGRESSIVE;
				GCC_WARN_UNUSED_FUNCTION = YES;
				GCC_WARN_UNUSED_VARIABLE = YES;
				IPHONEOS_DEPLOYMENT_TARGET = 8.4;
				MTL_ENABLE_DEBUG_INFO = YES;
				ONLY_ACTIVE_ARCH = YES;
				SDKROOT = iphoneos;
			};
			name = Debug;
		};
		B5AFE45D1C03F7A00026AE09 /* Release */ = {
			isa = XCBuildConfiguration;
			buildSettings = {
				ALWAYS_SEARCH_USER_PATHS = NO;
				CLANG_CXX_LANGUAGE_STANDARD = "gnu++0x";
				CLANG_CXX_LIBRARY = "libc++";
				CLANG_ENABLE_MODULES = YES;
				CLANG_ENABLE_OBJC_ARC = YES;
				CLANG_WARN_BOOL_CONVERSION = YES;
				CLANG_WARN_CONSTANT_CONVERSION = YES;
				CLANG_WARN_DIRECT_OBJC_ISA_USAGE = YES_ERROR;
				CLANG_WARN_EMPTY_BODY = YES;
				CLANG_WARN_ENUM_CONVERSION = YES;
				CLANG_WARN_INT_CONVERSION = YES;
				CLANG_WARN_OBJC_ROOT_CLASS = YES_ERROR;
				CLANG_WARN_UNREACHABLE_CODE = YES;
				CLANG_WARN__DUPLICATE_METHOD_MATCH = YES;
				"CODE_SIGN_IDENTITY[sdk=iphoneos*]" = "iPhone Developer";
				COPY_PHASE_STRIP = NO;
				DEBUG_INFORMATION_FORMAT = "dwarf-with-dsym";
				ENABLE_NS_ASSERTIONS = NO;
				ENABLE_STRICT_OBJC_MSGSEND = YES;
				GCC_C_LANGUAGE_STANDARD = gnu99;
				GCC_NO_COMMON_BLOCKS = YES;
				GCC_WARN_64_TO_32_BIT_CONVERSION = YES;
				GCC_WARN_ABOUT_RETURN_TYPE = YES_ERROR;
				GCC_WARN_UNDECLARED_SELECTOR = YES;
				GCC_WARN_UNINITIALIZED_AUTOS = YES_AGGRESSIVE;
				GCC_WARN_UNUSED_FUNCTION = YES;
				GCC_WARN_UNUSED_VARIABLE = YES;
				IPHONEOS_DEPLOYMENT_TARGET = 8.4;
				MTL_ENABLE_DEBUG_INFO = NO;
				SDKROOT = iphoneos;
				VALIDATE_PRODUCT = YES;
			};
			name = Release;
		};
		B5AFE45F1C03F7A00026AE09 /* Debug */ = {
			isa = XCBuildConfiguration;
			buildSettings = {
				ASSETCATALOG_COMPILER_APPICON_NAME = AppIcon;
				INFOPLIST_FILE = playlistBrowser/Info.plist;
				LD_RUNPATH_SEARCH_PATHS = "$(inherited) @executable_path/Frameworks";
				PRODUCT_NAME = "$(TARGET_NAME)";
			};
			name = Debug;
		};
		B5AFE4601C03F7A00026AE09 /* Release */ = {
			isa = XCBuildConfiguration;
			buildSettings = {
				ASSETCATALOG_COMPILER_APPICON_NAME = AppIcon;
				INFOPLIST_FILE = playlistBrowser/Info.plist;
				LD_RUNPATH_SEARCH_PATHS = "$(inherited) @executable_path/Frameworks";
				PRODUCT_NAME = "$(TARGET_NAME)";
			};
			name = Release;
		};
		B5AFE4621C03F7A00026AE09 /* Debug */ = {
			isa = XCBuildConfiguration;
			buildSettings = {
				BUNDLE_LOADER = "$(TEST_HOST)";
				FRAMEWORK_SEARCH_PATHS = (
					"$(SDKROOT)/Developer/Library/Frameworks",
					"$(inherited)",
				);
				GCC_PREPROCESSOR_DEFINITIONS = (
					"DEBUG=1",
					"$(inherited)",
				);
				INFOPLIST_FILE = playlistBrowserTests/Info.plist;
				LD_RUNPATH_SEARCH_PATHS = "$(inherited) @executable_path/Frameworks @loader_path/Frameworks";
				PRODUCT_NAME = "$(TARGET_NAME)";
				TEST_HOST = "$(BUILT_PRODUCTS_DIR)/playlistBrowser.app/playlistBrowser";
			};
			name = Debug;
		};
		B5AFE4631C03F7A00026AE09 /* Release */ = {
			isa = XCBuildConfiguration;
			buildSettings = {
				BUNDLE_LOADER = "$(TEST_HOST)";
				FRAMEWORK_SEARCH_PATHS = (
					"$(SDKROOT)/Developer/Library/Frameworks",
					"$(inherited)",
				);
				INFOPLIST_FILE = playlistBrowserTests/Info.plist;
				LD_RUNPATH_SEARCH_PATHS = "$(inherited) @executable_path/Frameworks @loader_path/Frameworks";
				PRODUCT_NAME = "$(TARGET_NAME)";
				TEST_HOST = "$(BUILT_PRODUCTS_DIR)/playlistBrowser.app/playlistBrowser";
			};
			name = Release;
		};
/* End XCBuildConfiguration section */

/* Begin XCConfigurationList section */
		B5AFE4361C03F79E0026AE09 /* Build configuration list for PBXProject "playlistBrowser" */ = {
			isa = XCConfigurationList;
			buildConfigurations = (
				B5AFE45C1C03F7A00026AE09 /* Debug */,
				B5AFE45D1C03F7A00026AE09 /* Release */,
			);
			defaultConfigurationIsVisible = 0;
			defaultConfigurationName = Release;
		};
		B5AFE45E1C03F7A00026AE09 /* Build configuration list for PBXNativeTarget "playlistBrowser" */ = {
			isa = XCConfigurationList;
			buildConfigurations = (
				B5AFE45F1C03F7A00026AE09 /* Debug */,
				B5AFE4601C03F7A00026AE09 /* Release */,
			);
			defaultConfigurationIsVisible = 0;
		};
		B5AFE4611C03F7A00026AE09 /* Build configuration list for PBXNativeTarget "playlistBrowserTests" */ = {
			isa = XCConfigurationList;
			buildConfigurations = (
				B5AFE4621C03F7A00026AE09 /* Debug */,
				B5AFE4631C03F7A00026AE09 /* Release */,
			);
			defaultConfigurationIsVisible = 0;
		};
/* End XCConfigurationList section */
	};
	rootObject = B5AFE4331C03F79E0026AE09 /* Project object */;
}
